github.com/jomei/notionapi v1.13.3 h1:pzEN+pVe1T0FjH85sP9TCqqe58rFRL+Fj+F5yvyBNw4=
github.com/jomei/notionapi v1.13.3/go.mod h1:BqzP6JBddpBnXvMSIxiR5dCoCjKngmz5QNl1ONDlDoM=
github.com/sashabaranov/go-openai v1.41.2 h1:vfPRBZNMpnqu8ELsclWcAvF19lDNgh1t6TVfFFOPiSM=
github.com/sashabaranov/go-openai v1.41.2/go.mod h1:lj5b/K+zjTSFxVLijLSTDZuP7adOgerWeFyZLUhAKRg=
